{
  "requires": true,
  "lockfileVersion": 1,
  "dependencies": {
    "santuri-print-frame": {
      "version": "1.0.0",
      "resolved": "https://registry.npmjs.org/santuri-print-frame/-/santuri-print-frame-1.0.0.tgz",
      "integrity": "sha512-3PjWFb+FY/yZAp0j+2ePxb6b8yZe9aie7C8ti3SaiZQV/9Fg4QXjv+iE1hleDBna7+LXdaX6TVdHpgq62awAtg=="
    }
  }
}
